
Microsoft Visual Studio Solution File, Format Version 12.00
# Visual Studio Version 17
VisualStudioVersion = 17.1.32210.238
MinimumVisualStudioVersion = 10.0.40219.1
Project("{9A19103F-16F7-4668-BE54-9A1E7A4F7556}") = "net6", "net6\net6.csproj", "{5F4C2BAF-2834-40D1-9E47-D23448E26250}"
EndProject
Project("{9A19103F-16F7-4668-BE54-9A1E7A4F7556}") = "net6.Domain", "net6.Domain\net6.Domain.csproj", "{76AB9EB1-4257-48F7-AB49-5BBE590C5735}"
EndProject
Project("{FAE04EC0-301F-11D3-BF4B-00C04F79EFBC}") = "net6.DapperAccessor", "net6.DapperAccessor\net6.DapperAccessor.csproj", "{FFDDC8FD-D647-4DD2-AF03-9E20F0F1A349}"
EndProject
Global
	GlobalSection(SolutionConfigurationPlatforms) = preSolution
		Debug|Any CPU = Debug|Any CPU
		Release|Any CPU = Release|Any CPU
	EndGlobalSection
	GlobalSection(ProjectConfigurationPlatforms) = postSolution
		{5F4C2BAF-2834-40D1-9E47-D23448E26250}.Debug|Any CPU.ActiveCfg = Debug|Any CPU
		{5F4C2BAF-2834-40D1-9E47-D23448E26250}.Debug|Any CPU.Build.0 = Debug|Any CPU
		{5F4C2BAF-2834-40D1-9E47-D23448E26250}.Release|Any CPU.ActiveCfg = Release|Any CPU
		{5F4C2BAF-2834-40D1-9E47-D23448E26250}.Release|Any CPU.Build.0 = Release|Any CPU
		{76AB9EB1-4257-48F7-AB49-5BBE590C5735}.Debug|Any CPU.ActiveCfg = Debug|Any CPU
		{76AB9EB1-4257-48F7-AB49-5BBE590C5735}.Debug|Any CPU.Build.0 = Debug|Any CPU
		{76AB9EB1-4257-48F7-AB49-5BBE590C5735}.Release|Any CPU.ActiveCfg = Release|Any CPU
		{76AB9EB1-4257-48F7-AB49-5BBE590C5735}.Release|Any CPU.Build.0 = Release|Any CPU
		{FFDDC8FD-D647-4DD2-AF03-9E20F0F1A349}.Debug|Any CPU.ActiveCfg = Debug|Any CPU
		{FFDDC8FD-D647-4DD2-AF03-9E20F0F1A349}.Debug|Any CPU.Build.0 = Debug|Any CPU
		{FFDDC8FD-D647-4DD2-AF03-9E20F0F1A349}.Release|Any CPU.ActiveCfg = Release|Any CPU
		{FFDDC8FD-D647-4DD2-AF03-9E20F0F1A349}.Release|Any CPU.Build.0 = Release|Any CPU
	EndGlobalSection
	GlobalSection(SolutionProperties) = preSolution
		HideSolutionNode = FALSE
	EndGlobalSection
	GlobalSection(ExtensibilityGlobals) = postSolution
		SolutionGuid = {4A497FD4-8FD3-4DB7-AC8A-66FA27CFB6BE}
	EndGlobalSection
EndGlobal
